Microsoft Visual Studio Solution File, Format Version 12.00
# Visual Studio 15
VisualStudioVersion = 15.0.28307.779
MinimumVisualStudioVersion = 10.0.40219.1
Project("{FAE04EC0-301F-11D3-BF4B-00C04F79EFBC}") = "UnityEngineUIExpansion", "UnityEngineUIExpansion\UnityEngineUIExpansion.csproj", "{C9D19D47-8905-40FE-97E2-EF106C5E29B7}"
EndProject
Project("{FAE04EC0-301F-11D3-BF4B-00C04F79EFBC}") = "UnityEditorUIExpansion", "UnityEditorUIExpansion\UnityEditorUIExpansion.csproj", "{AB9FA28D-87DA-49CA-B0A5-2F18746273E0}"
EndProject
Global
	GlobalSection(SolutionConfigurationPlatforms) = preSolution
		Debug|Any CPU = Debug|Any CPU
		Release|Any CPU = Release|Any CPU
	EndGlobalSection
	GlobalSection(ProjectConfigurationPlatforms) = postSolution
		{C9D19D47-8905-40FE-97E2-EF106C5E29B7}.Debug|Any CPU.ActiveCfg = Debug|Any CPU
		{C9D19D47-8905-40FE-97E2-EF106C5E29B7}.Debug|Any CPU.Build.0 = Debug|Any CPU
		{C9D19D47-8905-40FE-97E2-EF106C5E29B7}.Release|Any CPU.ActiveCfg = Release|Any CPU
		{C9D19D47-8905-40FE-97E2-EF106C5E29B7}.Release|Any CPU.Build.0 = Release|Any CPU
		{AB9FA28D-87DA-49CA-B0A5-2F18746273E0}.Debug|Any CPU.ActiveCfg = Debug|Any CPU
		{AB9FA28D-87DA-49CA-B0A5-2F18746273E0}.Debug|Any CPU.Build.0 = Debug|Any CPU
		{AB9FA28D-87DA-49CA-B0A5-2F18746273E0}.Release|Any CPU.ActiveCfg = Release|Any CPU
		{AB9FA28D-87DA-49CA-B0A5-2F18746273E0}.Release|Any CPU.Build.0 = Release|Any CPU
	EndGlobalSection
	GlobalSection(SolutionProperties) = preSolution
		HideSolutionNode = FALSE
	EndGlobalSection
	GlobalSection(ExtensibilityGlobals) = postSolution
		SolutionGuid = {3F811A63-D03A-44EF-AED0-F5140C5C3316}
	EndGlobalSection
	GlobalSection(MonoDevelopProperties) = preSolution
		Policies = $0
		$0.DotNetNamingPolicy = $1
		$1.DirectoryNamespaceAssociation = PrefixedHierarchical
		$0.TextStylePolicy = $2
		$2.inheritsSet = null
		$2.scope = text/x-csharp
		$0.CSharpFormattingPolicy = $3
		$3.scope = text/x-csharp
		$0.StandardHeader = $4
		$0.VersionControlPolicy = $5
	EndGlobalSection
EndGlobal
